
Microsoft Visual Studio Solution File, Format Version 12.00
# Visual Studio Version 16
VisualStudioVersion = 16.0.28729.10
MinimumVisualStudioVersion = 10.0.40219.1
Project("{9A19103F-16F7-4668-BE54-9A1E7A4F7556}") = "Orneholm.RadioText.Web", "src\Orneholm.RadioText.Web\Orneholm.RadioText.Web.csproj", "{F99D9A6A-DE2B-4AF3-8254-709DBAE29A54}"
EndProject
Project("{2150E333-8FDC-42A3-9474-1A3956D46DE8}") = "src", "src", "{285F328B-E141-438D-803C-9186AB77B0E4}"
EndProject
Project("{2150E333-8FDC-42A3-9474-1A3956D46DE8}") = "Solution Items", "Solution Items", "{03FEC899-4579-4EB2-88BD-1DE272541066}"
	ProjectSection(SolutionItems) = preProject
		.editorconfig = .editorconfig
		.gitignore = .gitignore
		azure-pipelines.yml = azure-pipelines.yml
		global.json = global.json
		LICENSE.md = LICENSE.md
		README.md = README.md
	EndProjectSection
EndProject
Project("{9A19103F-16F7-4668-BE54-9A1E7A4F7556}") = "Orneholm.RadioText.Azure", "src\Orneholm.RadioText.Azure\Orneholm.RadioText.Azure.csproj", "{C11544C2-E1BA-45D6-8A80-12964D2F20C7}"
EndProject
Project("{9A19103F-16F7-4668-BE54-9A1E7A4F7556}") = "Orneholm.RadioText.Core", "src\Orneholm.RadioText.Core\Orneholm.RadioText.Core.csproj", "{4226217C-11E5-41E1-8A88-0BF79AAFE85F}"
EndProject
Project("{9A19103F-16F7-4668-BE54-9A1E7A4F7556}") = "Orneholm.RadioText.Worker", "src\Orneholm.RadioText.Worker\Orneholm.RadioText.Worker.csproj", "{44DDF4CF-F781-4D82-9C0F-446399CA8C90}"
EndProject
Project("{FAE04EC0-301F-11D3-BF4B-00C04F79EFBC}") = "Orneholm.RadioText.AzureFunctions", "src\Orneholm.RadioText.AzureFunctions\Orneholm.RadioText.AzureFunctions.csproj", "{DEA7C5D3-231B-4027-83A0-CDE12BD0C921}"
EndProject
Global
	GlobalSection(SolutionConfigurationPlatforms) = preSolution
		Debug|Any CPU = Debug|Any CPU
		Release|Any CPU = Release|Any CPU
	EndGlobalSection
	GlobalSection(ProjectConfigurationPlatforms) = postSolution
		{F99D9A6A-DE2B-4AF3-8254-709DBAE29A54}.Debug|Any CPU.ActiveCfg = Debug|Any CPU
		{F99D9A6A-DE2B-4AF3-8254-709DBAE29A54}.Debug|Any CPU.Build.0 = Debug|Any CPU
		{F99D9A6A-DE2B-4AF3-8254-709DBAE29A54}.Release|Any CPU.ActiveCfg = Release|Any CPU
		{F99D9A6A-DE2B-4AF3-8254-709DBAE29A54}.Release|Any CPU.Build.0 = Release|Any CPU
		{C11544C2-E1BA-45D6-8A80-12964D2F20C7}.Debug|Any CPU.ActiveCfg = Debug|Any CPU
		{C11544C2-E1BA-45D6-8A80-12964D2F20C7}.Debug|Any CPU.Build.0 = Debug|Any CPU
		{C11544C2-E1BA-45D6-8A80-12964D2F20C7}.Release|Any CPU.ActiveCfg = Release|Any CPU
		{C11544C2-E1BA-45D6-8A80-12964D2F20C7}.Release|Any CPU.Build.0 = Release|Any CPU
		{4226217C-11E5-41E1-8A88-0BF79AAFE85F}.Debug|Any CPU.ActiveCfg = Debug|Any CPU
		{4226217C-11E5-41E1-8A88-0BF79AAFE85F}.Debug|Any CPU.Build.0 = Debug|Any CPU
		{4226217C-11E5-41E1-8A88-0BF79AAFE85F}.Release|Any CPU.ActiveCfg = Release|Any CPU
		{4226217C-11E5-41E1-8A88-0BF79AAFE85F}.Release|Any CPU.Build.0 = Release|Any CPU
		{44DDF4CF-F781-4D82-9C0F-446399CA8C90}.Debug|Any CPU.ActiveCfg = Debug|Any CPU
		{44DDF4CF-F781-4D82-9C0F-446399CA8C90}.Debug|Any CPU.Build.0 = Debug|Any CPU
		{44DDF4CF-F781-4D82-9C0F-446399CA8C90}.Release|Any CPU.ActiveCfg = Release|Any CPU
		{44DDF4CF-F781-4D82-9C0F-446399CA8C90}.Release|Any CPU.Build.0 = Release|Any CPU
		{DEA7C5D3-231B-4027-83A0-CDE12BD0C921}.Debug|Any CPU.ActiveCfg = Debug|Any CPU
		{DEA7C5D3-231B-4027-83A0-CDE12BD0C921}.Debug|Any CPU.Build.0 = Debug|Any CPU
		{DEA7C5D3-231B-4027-83A0-CDE12BD0C921}.Release|Any CPU.ActiveCfg = Release|Any CPU
		{DEA7C5D3-231B-4027-83A0-CDE12BD0C921}.Release|Any CPU.Build.0 = Release|Any CPU
	EndGlobalSection
	GlobalSection(SolutionProperties) = preSolution
		HideSolutionNode = FALSE
	EndGlobalSection
	GlobalSection(NestedProjects) = preSolution
		{F99D9A6A-DE2B-4AF3-8254-709DBAE29A54} = {285F328B-E141-438D-803C-9186AB77B0E4}
		{C11544C2-E1BA-45D6-8A80-12964D2F20C7} = {285F328B-E141-438D-803C-9186AB77B0E4}
		{4226217C-11E5-41E1-8A88-0BF79AAFE85F} = {285F328B-E141-438D-803C-9186AB77B0E4}
		{44DDF4CF-F781-4D82-9C0F-446399CA8C90} = {285F328B-E141-438D-803C-9186AB77B0E4}
		{DEA7C5D3-231B-4027-83A0-CDE12BD0C921} = {285F328B-E141-438D-803C-9186AB77B0E4}
	EndGlobalSection
	GlobalSection(ExtensibilityGlobals) = postSolution
		SolutionGuid = {5E2B03E0-06EB-4940-B53A-36B829F45AE0}
	EndGlobalSection
EndGlobal
